// !$*UTF8*$!
{
	archiveVersion = 1;
	classes = {
	};
	objectVersion = 50;
	objects = {

/* Begin PBXBuildFile section */
		169FBA6B2630D97A002B20AC /* Tests_iOS.swift in Sources */ = {isa = PBXBuildFile; fileRef = 169FBA6A2630D97A002B20AC /* Tests_iOS.swift */; };
		169FBA762630D97A002B20AC /* Tests_macOS.swift in Sources */ = {isa = PBXBuildFile; fileRef = 169FBA752630D97A002B20AC /* Tests_macOS.swift */; };
		169FBA782630D97A002B20AC /* BasicContactAppApp.swift in Sources */ = {isa = PBXBuildFile; fileRef = 169FBA4F2630D979002B20AC /* BasicContactAppApp.swift */; };
		169FBA792630D97A002B20AC /* BasicContactAppApp.swift in Sources */ = {isa = PBXBuildFile; fileRef = 169FBA4F2630D979002B20AC /* BasicContactAppApp.swift */; };
		169FBA7A2630D97A002B20AC /* ContentView.swift in Sources */ = {isa = PBXBuildFile; fileRef = 169FBA502630D979002B20AC /* ContentView.swift */; };
		169FBA7B2630D97A002B20AC /* ContentView.swift in Sources */ = {isa = PBXBuildFile; fileRef = 169FBA502630D979002B20AC /* ContentView.swift */; };
		169FBA7C2630D97A002B20AC /* Assets.xcassets in Resources */ = {isa = PBXBuildFile; fileRef = 169FBA512630D97A002B20AC /* Assets.xcassets */; };
		169FBA7D2630D97A002B20AC /* Assets.xcassets in Resources */ = {isa = PBXBuildFile; fileRef = 169FBA512630D97A002B20AC /* Assets.xcassets */; };
		169FBA922630DA3B002B20AC /* ContactDetailView.swift in Sources */ = {isa = PBXBuildFile; fileRef = 169FBA912630DA3B002B20AC /* ContactDetailView.swift */; };
		169FBA932630DA3B002B20AC /* ContactDetailView.swift in Sources */ = {isa = PBXBuildFile; fileRef = 169FBA912630DA3B002B20AC /* ContactDetailView.swift */; };
		169FBA992630DA71002B20AC /* Contact.swift in Sources */ = {isa = PBXBuildFile; fileRef = 169FBA982630DA71002B20AC /* Contact.swift */; };
		169FBA9A2630DA71002B20AC /* Contact.swift in Sources */ = {isa = PBXBuildFile; fileRef = 169FBA982630DA71002B20AC /* Contact.swift */; };
		169FBAA02630DA9F002B20AC /* ContactFactory.swift in Sources */ = {isa = PBXBuildFile; fileRef = 169FBA9F2630DA9F002B20AC /* ContactFactory.swift */; };
		169FBAA12630DA9F002B20AC /* ContactFactory.swift in Sources */ = {isa = PBXBuildFile; fileRef = 169FBA9F2630DA9F002B20AC /* ContactFactory.swift */; };
/* End PBXBuildFile section */

/* Begin PBXContainerItemProxy section */
		169FBA672630D97A002B20AC /* PBXContainerItemProxy */ = {
			isa = PBXContainerItemProxy;
			containerPortal = 169FBA4A2630D978002B20AC /* Project object */;
			proxyType = 1;
			remoteGlobalIDString = 169FBA552630D97A002B20AC;
			remoteInfo = "BasicContactApp (iOS)";
		};
		169FBA722630D97A002B20AC /* PBXContainerItemProxy */ = {
			isa = PBXContainerItemProxy;
			containerPortal = 169FBA4A2630D978002B20AC /* Project object */;
			proxyType = 1;
			remoteGlobalIDString = 169FBA5D2630D97A002B20AC;
			remoteInfo = "BasicContactApp (macOS)";
		};
/* End PBXContainerItemProxy section */

/* Begin PBXFileReference section */
		169FBA4F2630D979002B20AC /* BasicContactAppApp.swift */ = {isa = PBXFileReference; lastKnownFileType = sourcecode.swift; path = BasicContactAppApp.swift; sourceTree = "<group>"; };
		169FBA502630D979002B20AC /* ContentView.swift */ = {isa = PBXFileReference; lastKnownFileType = sourcecode.swift; path = ContentView.swift; sourceTree = "<group>"; };
		169FBA512630D97A002B20AC /* Assets.xcassets */ = {isa = PBXFileReference; lastKnownFileType = folder.assetcatalog; path = Assets.xcassets; sourceTree = "<group>"; };
		169FBA562630D97A002B20AC /* BasicContactApp.app */ = {isa = PBXFileReference; explicitFileType = wrapper.application; includeInIndex = 0; path = BasicContactApp.app; sourceTree = BUILT_PRODUCTS_DIR; };
		169FBA592630D97A002B20AC /* Info.plist */ = {isa = PBXFileReference; lastKnownFileType = text.plist.xml; path = Info.plist; sourceTree = "<group>"; };
		169FBA5E2630D97A002B20AC /* BasicContactApp.app */ = {isa = PBXFileReference; explicitFileType = wrapper.application; includeInIndex = 0; path = BasicContactApp.app; sourceTree = BUILT_PRODUCTS_DIR; };
		169FBA602630D97A002B20AC /* Info.plist */ = {isa = PBXFileReference; lastKnownFileType = text.plist.xml; path = Info.plist; sourceTree = "<group>"; };
		169FBA612630D97A002B20AC /* macOS.entitlements */ = {isa = PBXFileReference; lastKnownFileType = text.plist.entitlements; path = macOS.entitlements; sourceTree = "<group>"; };
		169FBA662630D97A002B20AC /* Tests iOS.xctest */ = {isa = PBXFileReference; explicitFileType = wrapper.cfbundle; includeInIndex = 0; path = "Tests iOS.xctest"; sourceTree = BUILT_PRODUCTS_DIR; };
		169FBA6A2630D97A002B20AC /* Tests_iOS.swift */ = {isa = PBXFileReference; lastKnownFileType = sourcecode.swift; path = Tests_iOS.swift; sourceTree = "<group>"; };
		169FBA6C2630D97A002B20AC /* Info.plist */ = {isa = PBXFileReference; lastKnownFileType = text.plist.xml; path = Info.plist; sourceTree = "<group>"; };
		169FBA712630D97A002B20AC /* Tests macOS.xctest */ = {isa = PBXFileReference; explicitFileType = wrapper.cfbundle; includeInIndex = 0; path = "Tests macOS.xctest"; sourceTree = BUILT_PRODUCTS_DIR; };
		169FBA752630D97A002B20AC /* Tests_macOS.swift */ = {isa = PBXFileReference; lastKnownFileType = sourcecode.swift; path = Tests_macOS.swift; sourceTree = "<group>"; };
		169FBA772630D97A002B20AC /* Info.plist */ = {isa = PBXFileReference; lastKnownFileType = text.plist.xml; path = Info.plist; sourceTree = "<group>"; };
		169FBA912630DA3B002B20AC /* ContactDetailView.swift */ = {isa = PBXFileReference; lastKnownFileType = sourcecode.swift; path = ContactDetailView.swift; sourceTree = "<group>"; };
		169FBA982630DA71002B20AC /* Contact.swift */ = {isa = PBXFileReference; lastKnownFileType = sourcecode.swift; path = Contact.swift; sourceTree = "<group>"; };
		169FBA9F2630DA9F002B20AC /* ContactFactory.swift */ = {isa = PBXFileReference; lastKnownFileType = sourcecode.swift; path = ContactFactory.swift; sourceTree = "<group>"; };
/* End PBXFileReference section */

/* Begin PBXFrameworksBuildPhase section */
		169FBA532630D97A002B20AC /* Frameworks */ = {
			isa = PBXFrameworksBuildPhase;
			buildActionMask = 2147483647;
			files = (
			);
			runOnlyForDeploymentPostprocessing = 0;
		};
		169FBA5B2630D97A002B20AC /* Frameworks */ = {
			isa = PBXFrameworksBuildPhase;
			buildActionMask = 2147483647;
			files = (
			);
			runOnlyForDeploymentPostprocessing = 0;
		};
		169FBA632630D97A002B20AC /* Frameworks */ = {
			isa = PBXFrameworksBuildPhase;
			buildActionMask = 2147483647;
			files = (
			);
			runOnlyForDeploymentPostprocessing = 0;
		};
		169FBA6E2630D97A002B20AC /* Frameworks */ = {
			isa = PBXFrameworksBuildPhase;
			buildActionMask = 2147483647;
			files = (
			);
			runOnlyForDeploymentPostprocessing = 0;
		};
/* End PBXFrameworksBuildPhase section */

/* Begin PBXGroup section */
		169FBA492630D978002B20AC = {
			isa = PBXGroup;
			children = (
				169FBA4E2630D979002B20AC /* Shared */,
				169FBA582630D97A002B20AC /* iOS */,
				169FBA5F2630D97A002B20AC /* macOS */,
				169FBA692630D97A002B20AC /* Tests iOS */,
				169FBA742630D97A002B20AC /* Tests macOS */,
				169FBA572630D97A002B20AC /* Products */,
			);
			sourceTree = "<group>";
		};
		169FBA4E2630D979002B20AC /* Shared */ = {
			isa = PBXGroup;
			children = (
				169FBA4F2630D979002B20AC /* BasicContactAppApp.swift */,
				169FBA502630D979002B20AC /* ContentView.swift */,
				169FBA912630DA3B002B20AC /* ContactDetailView.swift */,
				169FBA982630DA71002B20AC /* Contact.swift */,
				169FBA9F2630DA9F002B20AC /* ContactFactory.swift */,
				169FBA512630D97A002B20AC /* Assets.xcassets */,
			);
			path = Shared;
			sourceTree = "<group>";
		};
		169FBA572630D97A002B20AC /* Products */ = {
			isa = PBXGroup;
			children = (
				169FBA562630D97A002B20AC /* BasicContactApp.app */,
				169FBA5E2630D97A002B20AC /* BasicContactApp.app */,
				169FBA662630D97A002B20AC /* Tests iOS.xctest */,
				169FBA712630D97A002B20AC /* Tests macOS.xctest */,
			);
			name = Products;
			sourceTree = "<group>";
		};
		169FBA582630D97A002B20AC /* iOS */ = {
			isa = PBXGroup;
			children = (
				169FBA592630D97A002B20AC /* Info.plist */,
			);
			path = iOS;
			sourceTree = "<group>";
		};
		169FBA5F2630D97A002B20AC /* macOS */ = {
			isa = PBXGroup;
			children = (
				169FBA602630D97A002B20AC /* Info.plist */,
				169FBA612630D97A002B20AC /* macOS.entitlements */,
			);
			path = macOS;
			sourceTree = "<group>";
		};
		169FBA692630D97A002B20AC /* Tests iOS */ = {
			isa = PBXGroup;
			children = (
				169FBA6A2630D97A002B20AC /* Tests_iOS.swift */,
				169FBA6C2630D97A002B20AC /* Info.plist */,
			);
			path = "Tests iOS";
			sourceTree = "<group>";
		};
		169FBA742630D97A002B20AC /* Tests macOS */ = {
			isa = PBXGroup;
			children = (
				169FBA752630D97A002B20AC /* Tests_macOS.swift */,
				169FBA772630D97A002B20AC /* Info.plist */,
			);
			path = "Tests macOS";
			sourceTree = "<group>";
		};
/* End PBXGroup section */

/* Begin PBXNativeTarget section */
		169FBA552630D97A002B20AC /* BasicContactApp (iOS) */ = {
			isa = PBXNativeTarget;
			buildConfigurationList = 169FBA802630D97A002B20AC /* Build configuration list for PBXNativeTarget "BasicContactApp (iOS)" */;
			buildPhases = (
				169FBA522630D97A002B20AC /* Sources */,
				169FBA532630D97A002B20AC /* Frameworks */,
				169FBA542630D97A002B20AC /* Resources */,
			);
			buildRules = (
			);
			dependencies = (
			);
			name = "BasicContactApp (iOS)";
			productName = "BasicContactApp (iOS)";
			productReference = 169FBA562630D97A002B20AC /* BasicContactApp.app */;
			productType = "com.apple.product-type.application";
		};
		169FBA5D2630D97A002B20AC /* BasicContactApp (macOS) */ = {
			isa = PBXNativeTarget;
			buildConfigurationList = 169FBA832630D97A002B20AC /* Build configuration list for PBXNativeTarget "BasicContactApp (macOS)" */;
			buildPhases = (
				169FBA5A2630D97A002B20AC /* Sources */,
				169FBA5B2630D97A002B20AC /* Frameworks */,
				169FBA5C2630D97A002B20AC /* Resources */,
			);
			buildRules = (
			);
			dependencies = (
			);
			name = "BasicContactApp (macOS)";
			productName = "BasicContactApp (macOS)";
			productReference = 169FBA5E2630D97A002B20AC /* BasicContactApp.app */;
			productType = "com.apple.product-type.application";
		};
		169FBA652630D97A002B20AC /* Tests iOS */ = {
			isa = PBXNativeTarget;
			buildConfigurationList = 169FBA862630D97A002B20AC /* Build configuration list for PBXNativeTarget "Tests iOS" */;
			buildPhases = (
				169FBA622630D97A002B20AC /* Sources */,
				169FBA632630D97A002B20AC /* Frameworks */,
				169FBA642630D97A002B20AC /* Resources */,
			);
			buildRules = (
			);
			dependencies = (
				169FBA682630D97A002B20AC /* PBXTargetDependency */,
			);
			name = "Tests iOS";
			productName = "Tests iOS";
			productReference = 169FBA662630D97A002B20AC /* Tests iOS.xctest */;
			productType = "com.apple.product-type.bundle.ui-testing";
		};
		169FBA702630D97A002B20AC /* Tests macOS */ = {
			isa = PBXNativeTarget;
			buildConfigurationList = 169FBA892630D97A002B20AC /* Build configuration list for PBXNativeTarget "Tests macOS" */;
			buildPhases = (
				169FBA6D2630D97A002B20AC /* Sources */,
				169FBA6E2630D97A002B20AC /* Frameworks */,
				169FBA6F2630D97A002B20AC /* Resources */,
			);
			buildRules = (
			);
			dependencies = (
				169FBA732630D97A002B20AC /* PBXTargetDependency */,
			);
			name = "Tests macOS";
			productName = "Tests macOS";
			productReference = 169FBA712630D97A002B20AC /* Tests macOS.xctest */;
			productType = "com.apple.product-type.bundle.ui-testing";
		};
/* End PBXNativeTarget section */

/* Begin PBXProject section */
		169FBA4A2630D978002B20AC /* Project object */ = {
			isa = PBXProject;
			attributes = {
				LastSwiftUpdateCheck = 1240;
				LastUpgradeCheck = 1240;
				TargetAttributes = {
					169FBA552630D97A002B20AC = {
						CreatedOnToolsVersion = 12.4;
					};
					169FBA5D2630D97A002B20AC = {
						CreatedOnToolsVersion = 12.4;
					};
					169FBA652630D97A002B20AC = {
						CreatedOnToolsVersion = 12.4;
						TestTargetID = 169FBA552630D97A002B20AC;
					};
					169FBA702630D97A002B20AC = {
						CreatedOnToolsVersion = 12.4;
						TestTargetID = 169FBA5D2630D97A002B20AC;
					};
				};
			};
			buildConfigurationList = 169FBA4D2630D978002B20AC /* Build configuration list for PBXProject "BasicContactApp" */;
			compatibilityVersion = "Xcode 9.3";
			developmentRegion = en;
			hasScannedForEncodings = 0;
			knownRegions = (
				en,
				Base,
			);
			mainGroup = 169FBA492630D978002B20AC;
			productRefGroup = 169FBA572630D97A002B20AC /* Products */;
			projectDirPath = "";
			projectRoot = "";
			targets = (
				169FBA552630D97A002B20AC /* BasicContactApp (iOS) */,
				169FBA5D2630D97A002B20AC /* BasicContactApp (macOS) */,
				169FBA652630D97A002B20AC /* Tests iOS */,
				169FBA702630D97A002B20AC /* Tests macOS */,
			);
		};
/* End PBXProject section */

/* Begin PBXResourcesBuildPhase section */
		169FBA542630D97A002B20AC /* Resources */ = {
			isa = PBXResourcesBuildPhase;
			buildActionMask = 2147483647;
			files = (
				169FBA7C2630D97A002B20AC /* Assets.xcassets in Resources */,
			);
			runOnlyForDeploymentPostprocessing = 0;
		};
		169FBA5C2630D97A002B20AC /* Resources */ = {
			isa = PBXResourcesBuildPhase;
			buildActionMask = 2147483647;
			files = (
				169FBA7D2630D97A002B20AC /* Assets.xcassets in Resources */,
			);
			runOnlyForDeploymentPostprocessing = 0;
		};
		169FBA642630D97A002B20AC /* Resources */ = {
			isa = PBXResourcesBuildPhase;
			buildActionMask = 2147483647;
			files = (
			);
			runOnlyForDeploymentPostprocessing = 0;
		};
		169FBA6F2630D97A002B20AC /* Resources */ = {
			isa = PBXResourcesBuildPhase;
			buildActionMask = 2147483647;
			files = (
			);
			runOnlyForDeploymentPostprocessing = 0;
		};
/* End PBXResourcesBuildPhase section */

/* Begin PBXSourcesBuildPhase section */
		169FBA522630D97A002B20AC /* Sources */ = {
			isa = PBXSourcesBuildPhase;
			buildActionMask = 2147483647;
			files = (
				169FBA992630DA71002B20AC /* Contact.swift in Sources */,
				169FBAA02630DA9F002B20AC /* ContactFactory.swift in Sources */,
				169FBA922630DA3B002B20AC /* ContactDetailView.swift in Sources */,
				169FBA7A2630D97A002B20AC /* ContentView.swift in Sources */,
				169FBA782630D97A002B20AC /* BasicContactAppApp.swift in Sources */,
			);
			runOnlyForDeploymentPostprocessing = 0;
		};
		169FBA5A2630D97A002B20AC /* Sources */ = {
			isa = PBXSourcesBuildPhase;
			buildActionMask = 2147483647;
			files = (
				169FBA9A2630DA71002B20AC /* Contact.swift in Sources */,
				169FBAA12630DA9F002B20AC /* ContactFactory.swift in Sources */,
				169FBA932630DA3B002B20AC /* ContactDetailView.swift in Sources */,
				169FBA7B2630D97A002B20AC /* ContentView.swift in Sources */,
				169FBA792630D97A002B20AC /* BasicContactAppApp.swift in Sources */,
			);
			runOnlyForDeploymentPostprocessing = 0;
		};
		169FBA622630D97A002B20AC /* Sources */ = {
			isa = PBXSourcesBuildPhase;
			buildActionMask = 2147483647;
			files = (
				169FBA6B2630D97A002B20AC /* Tests_iOS.swift in Sources */,
			);
			runOnlyForDeploymentPostprocessing = 0;
		};
		169FBA6D2630D97A002B20AC /* Sources */ = {
			isa = PBXSourcesBuildPhase;
			buildActionMask = 2147483647;
			files = (
				169FBA762630D97A002B20AC /* Tests_macOS.swift in Sources */,
			);
			runOnlyForDeploymentPostprocessing = 0;
		};
/* End PBXSourcesBuildPhase section */

/* Begin PBXTargetDependency section */
		169FBA682630D97A002B20AC /* PBXTargetDependency */ = {
			isa = PBXTargetDependency;
			target = 169FBA552630D97A002B20AC /* BasicContactApp (iOS) */;
			targetProxy = 169FBA672630D97A002B20AC /* PBXContainerItemProxy */;
		};
		169FBA732630D97A002B20AC /* PBXTargetDependency */ = {
			isa = PBXTargetDependency;
			target = 169FBA5D2630D97A002B20AC /* BasicContactApp (macOS) */;
			targetProxy = 169FBA722630D97A002B20AC /* PBXContainerItemProxy */;
		};
/* End PBXTargetDependency section */

/* Begin XCBuildConfiguration section */
		169FBA7E2630D97A002B20AC /* Debug */ = {
			isa = XCBuildConfiguration;
			buildSettings = {
				ALWAYS_SEARCH_USER_PATHS = NO;
				CLANG_ANALYZER_NONNULL = YES;
				CLANG_ANALYZER_NUMBER_OBJECT_CONVERSION = YES_AGGRESSIVE;
				CLANG_CXX_LANGUAGE_STANDARD = "gnu++14";
				CLANG_CXX_LIBRARY = "libc++";
				CLANG_ENABLE_MODULES = YES;
				CLANG_ENABLE_OBJC_ARC = YES;
				CLANG_ENABLE_OBJC_WEAK = YES;
				CLANG_WARN_BLOCK_CAPTURE_AUTORELEASING = YES;
				CLANG_WARN_BOOL_CONVERSION = YES;
				CLANG_WARN_COMMA = YES;
				CLANG_WARN_CONSTANT_CONVERSION = YES;
				CLANG_WARN_DEPRECATED_OBJC_IMPLEMENTATIONS = YES;
				CLANG_WARN_DIRECT_OBJC_ISA_USAGE = YES_ERROR;
				CLANG_WARN_DOCUMENTATION_COMMENTS = YES;
				CLANG_WARN_EMPTY_BODY = YES;
				CLANG_WARN_ENUM_CONVERSION = YES;
				CLANG_WARN_INFINITE_RECURSION = YES;
				CLANG_WARN_INT_CONVERSION = YES;
				CLANG_WARN_NON_LITERAL_NULL_CONVERSION = YES;
				CLANG_WARN_OBJC_IMPLICIT_RETAIN_SELF = YES;
				CLANG_WARN_OBJC_LITERAL_CONVERSION = YES;
				CLANG_WARN_OBJC_ROOT_CLASS = YES_ERROR;
				CLANG_WARN_QUOTED_INCLUDE_IN_FRAMEWORK_HEADER = YES;
				CLANG_WARN_RANGE_LOOP_ANALYSIS = YES;
				CLANG_WARN_STRICT_PROTOTYPES = YES;
				CLANG_WARN_SUSPICIOUS_MOVE = YES;
				CLANG_WARN_UNGUARDED_AVAILABILITY = YES_AGGRESSIVE;
				CLANG_WARN_UNREACHABLE_CODE = YES;
				CLANG_WARN__DUPLICATE_METHOD_MATCH = YES;
				COPY_PHASE_STRIP = NO;
				DEBUG_INFORMATION_FORMAT = dwarf;
				ENABLE_STRICT_OBJC_MSGSEND = YES;
				ENABLE_TESTABILITY = YES;
				GCC_C_LANGUAGE_STANDARD = gnu11;
				GCC_DYNAMIC_NO_PIC = NO;
				GCC_NO_COMMON_BLOCKS = YES;
				GCC_OPTIMIZATION_LEVEL = 0;
				GCC_PREPROCESSOR_DEFINITIONS = (
					"DEBUG=1",
					"$(inherited)",
				);
				GCC_WARN_64_TO_32_BIT_CONVERSION = YES;
				GCC_WARN_ABOUT_RETURN_TYPE = YES_ERROR;
				GCC_WARN_UNDECLARED_SELECTOR = YES;
				GCC_WARN_UNINITIALIZED_AUTOS = YES_AGGRESSIVE;
				GCC_WARN_UNUSED_FUNCTION = YES;
				GCC_WARN_UNUSED_VARIABLE = YES;
				MTL_ENABLE_DEBUG_INFO = INCLUDE_SOURCE;
				MTL_FAST_MATH = YES;
				ONLY_ACTIVE_ARCH = YES;
				SWIFT_ACTIVE_COMPILATION_CONDITIONS = DEBUG;
				SWIFT_OPTIMIZATION_LEVEL = "-Onone";
			};
			name = Debug;
		};
		169FBA7F2630D97A002B20AC /* Release */ = {
			isa = XCBuildConfiguration;
			buildSettings = {
				ALWAYS_SEARCH_USER_PATHS = NO;
				CLANG_ANALYZER_NONNULL = YES;
				CLANG_ANALYZER_NUMBER_OBJECT_CONVERSION = YES_AGGRESSIVE;
				CLANG_CXX_LANGUAGE_STANDARD = "gnu++14";
				CLANG_CXX_LIBRARY = "libc++";
				CLANG_ENABLE_MODULES = YES;
				CLANG_ENABLE_OBJC_ARC = YES;
				CLANG_ENABLE_OBJC_WEAK = YES;
				CLANG_WARN_BLOCK_CAPTURE_AUTORELEASING = YES;
				CLANG_WARN_BOOL_CONVERSION = YES;
				CLANG_WARN_COMMA = YES;
				CLANG_WARN_CONSTANT_CONVERSION = YES;
				CLANG_WARN_DEPRECATED_OBJC_IMPLEMENTATIONS = YES;
				CLANG_WARN_DIRECT_OBJC_ISA_USAGE = YES_ERROR;
				CLANG_WARN_DOCUMENTATION_COMMENTS = YES;
				CLANG_WARN_EMPTY_BODY = YES;
				CLANG_WARN_ENUM_CONVERSION = YES;
				CLANG_WARN_INFINITE_RECURSION = YES;
				CLANG_WARN_INT_CONVERSION = YES;
				CLANG_WARN_NON_LITERAL_NULL_CONVERSION = YES;
				CLANG_WARN_OBJC_IMPLICIT_RETAIN_SELF = YES;
				CLANG_WARN_OBJC_LITERAL_CONVERSION = YES;
				CLANG_WARN_OBJC_ROOT_CLASS = YES_ERROR;
				CLANG_WARN_QUOTED_INCLUDE_IN_FRAMEWORK_HEADER = YES;
				CLANG_WARN_RANGE_LOOP_ANALYSIS = YES;
				CLANG_WARN_STRICT_PROTOTYPES = YES;
				CLANG_WARN_SUSPICIOUS_MOVE = YES;
				CLANG_WARN_UNGUARDED_AVAILABILITY = YES_AGGRESSIVE;
				CLANG_WARN_UNREACHABLE_CODE = YES;
				CLANG_WARN__DUPLICATE_METHOD_MATCH = YES;
				COPY_PHASE_STRIP = NO;
				DEBUG_INFORMATION_FORMAT = "dwarf-with-dsym";
				ENABLE_NS_ASSERTIONS = NO;
				ENABLE_STRICT_OBJC_MSGSEND = YES;
				GCC_C_LANGUAGE_STANDARD = gnu11;
				GCC_NO_COMMON_BLOCKS = YES;
				GCC_WARN_64_TO_32_BIT_CONVERSION = YES;
				GCC_WARN_ABOUT_RETURN_TYPE = YES_ERROR;
				GCC_WARN_UNDECLARED_SELECTOR = YES;
				GCC_WARN_UNINITIALIZED_AUTOS = YES_AGGRESSIVE;
				GCC_WARN_UNUSED_FUNCTION = YES;
				GCC_WARN_UNUSED_VARIABLE = YES;
				MTL_ENABLE_DEBUG_INFO = NO;
				MTL_FAST_MATH = YES;
				SWIFT_COMPILATION_MODE = wholemodule;
				SWIFT_OPTIMIZATION_LEVEL = "-O";
			};
			name = Release;
		};
		169FBA812630D97A002B20AC /* Debug */ = {
			isa = XCBuildConfiguration;
			buildSettings = {
				ASSETCATALOG_COMPILER_APPICON_NAME = AppIcon;
				ASSETCATALOG_COMPILER_GLOBAL_ACCENT_COLOR_NAME = AccentColor;
				CODE_SIGN_STYLE = Automatic;
				DEVELOPMENT_TEAM = 6Z8MU97UL5;
				ENABLE_PREVIEWS = YES;
				INFOPLIST_FILE = iOS/Info.plist;
				IPHONEOS_DEPLOYMENT_TARGET = 14.0;
				LD_RUNPATH_SEARCH_PATHS = (
					"$(inherited)",
					"@executable_path/Frameworks",
				);
				PRODUCT_BUNDLE_IDENTIFIER = Jacob.BasicContactApp;
				PRODUCT_NAME = BasicContactApp;
				SDKROOT = iphoneos;
				SWIFT_VERSION = 5.0;
				TARGETED_DEVICE_FAMILY = "1,2";
			};
			name = Debug;
		};
		169FBA822630D97A002B20AC /* Release */ = {
			isa = XCBuildConfiguration;
			buildSettings = {
				ASSETCATALOG_COMPILER_APPICON_NAME = AppIcon;
				ASSETCATALOG_COMPILER_GLOBAL_ACCENT_COLOR_NAME = AccentColor;
				CODE_SIGN_STYLE = Automatic;
				DEVELOPMENT_TEAM = 6Z8MU97UL5;
				ENABLE_PREVIEWS = YES;
				INFOPLIST_FILE = iOS/Info.plist;
				IPHONEOS_DEPLOYMENT_TARGET = 14.0;
				LD_RUNPATH_SEARCH_PATHS = (
					"$(inherited)",
					"@executable_path/Frameworks",
				);
				PRODUCT_BUNDLE_IDENTIFIER = Jacob.BasicContactApp;
				PRODUCT_NAME = BasicContactApp;
				SDKROOT = iphoneos;
				SWIFT_VERSION = 5.0;
				TARGETED_DEVICE_FAMILY = "1,2";
				VALIDATE_PRODUCT = YES;
			};
			name = Release;
		};
		169FBA842630D97A002B20AC /* Debug */ = {
			isa = XCBuildConfiguration;
			buildSettings = {
				ASSETCATALOG_COMPILER_APPICON_NAME = AppIcon;
				ASSETCATALOG_COMPILER_GLOBAL_ACCENT_COLOR_NAME = AccentColor;
				CODE_SIGN_ENTITLEMENTS = macOS/macOS.entitlements;
				CODE_SIGN_STYLE = Automatic;
				COMBINE_HIDPI_IMAGES = YES;
				DEVELOPMENT_TEAM = 6Z8MU97UL5;
				ENABLE_HARDENED_RUNTIME = YES;
				ENABLE_PREVIEWS = YES;
				INFOPLIST_FILE = macOS/Info.plist;
				LD_RUNPATH_SEARCH_PATHS = (
					"$(inherited)",
					"@executable_path/../Frameworks",
				);
				MACOSX_DEPLOYMENT_TARGET = 11.0;
				PRODUCT_BUNDLE_IDENTIFIER = Jacob.BasicContactApp;
				PRODUCT_NAME = BasicContactApp;
				SDKROOT = macosx;
				SWIFT_VERSION = 5.0;
			};
			name = Debug;
		};
		169FBA852630D97A002B20AC /* Release */ = {
			isa = XCBuildConfiguration;
			buildSettings = {
				ASSETCATALOG_COMPILER_APPICON_NAME = AppIcon;
				ASSETCATALOG_COMPILER_GLOBAL_ACCENT_COLOR_NAME = AccentColor;
				CODE_SIGN_ENTITLEMENTS = macOS/macOS.entitlements;
				CODE_SIGN_STYLE = Automatic;
				COMBINE_HIDPI_IMAGES = YES;
				DEVELOPMENT_TEAM = 6Z8MU97UL5;
				ENABLE_HARDENED_RUNTIME = YES;
				ENABLE_PREVIEWS = YES;
				INFOPLIST_FILE = macOS/Info.plist;
				LD_RUNPATH_SEARCH_PATHS = (
					"$(inherited)",
					"@executable_path/../Frameworks",
				);
				MACOSX_DEPLOYMENT_TARGET = 11.0;
				PRODUCT_BUNDLE_IDENTIFIER = Jacob.BasicContactApp;
				PRODUCT_NAME = BasicContactApp;
				SDKROOT = macosx;
				SWIFT_VERSION = 5.0;
			};
			name = Release;
		};
		169FBA872630D97A002B20AC /* Debug */ = {
			isa = XCBuildConfiguration;
			buildSettings = {
				ALWAYS_EMBED_SWIFT_STANDARD_LIBRARIES = YES;
				CODE_SIGN_STYLE = Automatic;
				DEVELOPMENT_TEAM = 6Z8MU97UL5;
				INFOPLIST_FILE = "Tests iOS/Info.plist";
				IPHONEOS_DEPLOYMENT_TARGET = 14.4;
				LD_RUNPATH_SEARCH_PATHS = (
					"$(inherited)",
					"@executable_path/Frameworks",
					"@loader_path/Frameworks",
				);
				PRODUCT_BUNDLE_IDENTIFIER = "Jacob.Tests-iOS";
				PRODUCT_NAME = "$(TARGET_NAME)";
				SDKROOT = iphoneos;
				SWIFT_VERSION = 5.0;
				TARGETED_DEVICE_FAMILY = "1,2";
				TEST_TARGET_NAME = "BasicContactApp (iOS)";
			};
			name = Debug;
		};
		169FBA882630D97A002B20AC /* Release */ = {
			isa = XCBuildConfiguration;
			buildSettings = {
				ALWAYS_EMBED_SWIFT_STANDARD_LIBRARIES = YES;
				CODE_SIGN_STYLE = Automatic;
				DEVELOPMENT_TEAM = 6Z8MU97UL5;
				INFOPLIST_FILE = "Tests iOS/Info.plist";
				IPHONEOS_DEPLOYMENT_TARGET = 14.4;
				LD_RUNPATH_SEARCH_PATHS = (
					"$(inherited)",
					"@executable_path/Frameworks",
					"@loader_path/Frameworks",
				);
				PRODUCT_BUNDLE_IDENTIFIER = "Jacob.Tests-iOS";
				PRODUCT_NAME = "$(TARGET_NAME)";
				SDKROOT = iphoneos;
				SWIFT_VERSION = 5.0;
				TARGETED_DEVICE_FAMILY = "1,2";
				TEST_TARGET_NAME = "BasicContactApp (iOS)";
				VALIDATE_PRODUCT = YES;
			};
			name = Release;
		};
		169FBA8A2630D97A002B20AC /* Debug */ = {
			isa = XCBuildConfiguration;
			buildSettings = {
				ALWAYS_EMBED_SWIFT_STANDARD_LIBRARIES = YES;
				CODE_SIGN_STYLE = Automatic;
				COMBINE_HIDPI_IMAGES = YES;
				DEVELOPMENT_TEAM = 6Z8MU97UL5;
				INFOPLIST_FILE = "Tests macOS/Info.plist";
				LD_RUNPATH_SEARCH_PATHS = (
					"$(inherited)",
					"@executable_path/../Frameworks",
					"@loader_path/../Frameworks",
				);
				MACOSX_DEPLOYMENT_TARGET = 11.1;
				PRODUCT_BUNDLE_IDENTIFIER = "Jacob.Tests-macOS";
				PRODUCT_NAME = "$(TARGET_NAME)";
				SDKROOT = macosx;
				SWIFT_VERSION = 5.0;
				TEST_TARGET_NAME = "BasicContactApp (macOS)";
			};
			name = Debug;
		};
		169FBA8B2630D97A002B20AC /* Release */ = {
			isa = XCBuildConfiguration;
			buildSettings = {
				ALWAYS_EMBED_SWIFT_STANDARD_LIBRARIES = YES;
				CODE_SIGN_STYLE = Automatic;
				COMBINE_HIDPI_IMAGES = YES;
				DEVELOPMENT_TEAM = 6Z8MU97UL5;
				INFOPLIST_FILE = "Tests macOS/Info.plist";
				LD_RUNPATH_SEARCH_PATHS = (
					"$(inherited)",
					"@executable_path/../Frameworks",
					"@loader_path/../Frameworks",
				);
				MACOSX_DEPLOYMENT_TARGET = 11.1;
				PRODUCT_BUNDLE_IDENTIFIER = "Jacob.Tests-macOS";
				PRODUCT_NAME = "$(TARGET_NAME)";
				SDKROOT = macosx;
				SWIFT_VERSION = 5.0;
				TEST_TARGET_NAME = "BasicContactApp (macOS)";
			};
			name = Release;
		};
/* End XCBuildConfiguration section */

/* Begin XCConfigurationList section */
		169FBA4D2630D978002B20AC /* Build configuration list for PBXProject "BasicContactApp" */ = {
			isa = XCConfigurationList;
			buildConfigurations = (
				169FBA7E2630D97A002B20AC /* Debug */,
				169FBA7F2630D97A002B20AC /* Release */,
			);
			defaultConfigurationIsVisible = 0;
			defaultConfigurationName = Release;
		};
		169FBA802630D97A002B20AC /* Build configuration list for PBXNativeTarget "BasicContactApp (iOS)" */ = {
			isa = XCConfigurationList;
			buildConfigurations = (
				169FBA812630D97A002B20AC /* Debug */,
				169FBA822630D97A002B20AC /* Release */,
			);
			defaultConfigurationIsVisible = 0;
			defaultConfigurationName = Release;
		};
		169FBA832630D97A002B20AC /* Build configuration list for PBXNativeTarget "BasicContactApp (macOS)" */ = {
			isa = XCConfigurationList;
			buildConfigurations = (
				169FBA842630D97A002B20AC /* Debug */,
				169FBA852630D97A002B20AC /* Release */,
			);
			defaultConfigurationIsVisible = 0;
			defaultConfigurationName = Release;
		};
		169FBA862630D97A002B20AC /* Build configuration list for PBXNativeTarget "Tests iOS" */ = {
			isa = XCConfigurationList;
			buildConfigurations = (
				169FBA872630D97A002B20AC /* Debug */,
				169FBA882630D97A002B20AC /* Release */,
			);
			defaultConfigurationIsVisible = 0;
			defaultConfigurationName = Release;
		};
		169FBA892630D97A002B20AC /* Build configuration list for PBXNativeTarget "Tests macOS" */ = {
			isa = XCConfigurationList;
			buildConfigurations = (
				169FBA8A2630D97A002B20AC /* Debug */,
				169FBA8B2630D97A002B20AC /* Release */,
			);
			defaultConfigurationIsVisible = 0;
			defaultConfigurationName = Release;
		};
/* End XCConfigurationList section */
	};
	rootObject = 169FBA4A2630D978002B20AC /* Project object */;
}
